Microsoft Visual Studio Solution File, Format Version 12.00
# Visual Studio Version 16
VisualStudioVersion = 16.0.29519.87
MinimumVisualStudioVersion = 10.0.40219.1
Project("{9A19103F-16F7-4668-BE54-9A1E7A4F7556}") = "ilgen-netfx", "netfx\ilgen-netfx.csproj", "{0C658103-1905-46DF-8897-BF16FB62ED06}"
EndProject
Project("{9A19103F-16F7-4668-BE54-9A1E7A4F7556}") = "ilgen-netcore", "netcore\ilgen-netcore.csproj", "{9FCAAF01-402F-4085-B145-285C6D183768}"
EndProject
Project("{2150E333-8FDC-42A3-9474-1A3956D46DE8}") = "Solution Items", "Solution Items", "{67EB1544-888A-42A6-857A-8E9D8AB2B33D}"
	ProjectSection(SolutionItems) = preProject
		Directory.build.props = Directory.build.props
		Program.cs = Program.cs
	EndProjectSection
EndProject
Project("{FAE04EC0-301F-11D3-BF4B-00C04F79EFBC}") = "repro", "repro\repro.csproj", "{06D88ADF-2C03-44E6-A8A7-F767F26CAA49}"
EndProject
Project("{2150E333-8FDC-42A3-9474-1A3956D46DE8}") = "cecil", "cecil", "{90A7C68B-6E9A-4898-B2B4-A68CCE7C1DB8}"
EndProject
Project("{9A19103F-16F7-4668-BE54-9A1E7A4F7556}") = "Mono.Cecil", "cecil\Mono.Cecil.csproj", "{19D9561E-7437-4E56-ABC1-0CD5E94F20D3}"
EndProject
Global
	GlobalSection(SolutionConfigurationPlatforms) = preSolution
		Debug|Any CPU = Debug|Any CPU
		Release|Any CPU = Release|Any CPU
	EndGlobalSection
	GlobalSection(ProjectConfigurationPlatforms) = postSolution
		{0C658103-1905-46DF-8897-BF16FB62ED06}.Debug|Any CPU.ActiveCfg = Debug|Any CPU
		{0C658103-1905-46DF-8897-BF16FB62ED06}.Debug|Any CPU.Build.0 = Debug|Any CPU
		{0C658103-1905-46DF-8897-BF16FB62ED06}.Release|Any CPU.ActiveCfg = Release|Any CPU
		{0C658103-1905-46DF-8897-BF16FB62ED06}.Release|Any CPU.Build.0 = Release|Any CPU
		{9FCAAF01-402F-4085-B145-285C6D183768}.Debug|Any CPU.ActiveCfg = Debug|Any CPU
		{9FCAAF01-402F-4085-B145-285C6D183768}.Debug|Any CPU.Build.0 = Debug|Any CPU
		{9FCAAF01-402F-4085-B145-285C6D183768}.Release|Any CPU.ActiveCfg = Release|Any CPU
		{9FCAAF01-402F-4085-B145-285C6D183768}.Release|Any CPU.Build.0 = Release|Any CPU
		{06D88ADF-2C03-44E6-A8A7-F767F26CAA49}.Debug|Any CPU.ActiveCfg = Debug|Any CPU
		{06D88ADF-2C03-44E6-A8A7-F767F26CAA49}.Debug|Any CPU.Build.0 = Debug|Any CPU
		{06D88ADF-2C03-44E6-A8A7-F767F26CAA49}.Release|Any CPU.ActiveCfg = Release|Any CPU
		{06D88ADF-2C03-44E6-A8A7-F767F26CAA49}.Release|Any CPU.Build.0 = Release|Any CPU
		{19D9561E-7437-4E56-ABC1-0CD5E94F20D3}.Debug|Any CPU.ActiveCfg = Debug|Any CPU
		{19D9561E-7437-4E56-ABC1-0CD5E94F20D3}.Debug|Any CPU.Build.0 = Debug|Any CPU
		{19D9561E-7437-4E56-ABC1-0CD5E94F20D3}.Release|Any CPU.ActiveCfg = Release|Any CPU
		{19D9561E-7437-4E56-ABC1-0CD5E94F20D3}.Release|Any CPU.Build.0 = Release|Any CPU
	EndGlobalSection
	GlobalSection(SolutionProperties) = preSolution
		HideSolutionNode = FALSE
	EndGlobalSection
	GlobalSection(NestedProjects) = preSolution
		{19D9561E-7437-4E56-ABC1-0CD5E94F20D3} = {90A7C68B-6E9A-4898-B2B4-A68CCE7C1DB8}
	EndGlobalSection
	GlobalSection(ExtensibilityGlobals) = postSolution
		SolutionGuid = {88015E70-FC2F-4B2A-99B8-71AF9DD034FA}
	EndGlobalSection
EndGlobal
